
Microsoft Visual Studio Solution File, Format Version 12.00
# Visual Studio Version 17
VisualStudioVersion = 17.4.33205.214
MinimumVisualStudioVersion = 10.0.40219.1
Project("{9A19103F-16F7-4668-BE54-9A1E7A4F7556}") = "DishoutOLO", "DishoutOLO\DishoutOLO.csproj", "{BB0F1502-F810-478D-B006-9E2FA1214622}"
EndProject
Project("{9A19103F-16F7-4668-BE54-9A1E7A4F7556}") = "DishoutOLO.Data", "DishoutOLO.Data\DishoutOLO.Data.csproj", "{BD33F089-8A51-46BE-B14A-ED2918A397F0}"
EndProject
Project("{9A19103F-16F7-4668-BE54-9A1E7A4F7556}") = "DishoutOLO.Repo", "DishoutOLO.Repo\DishoutOLO.Repo.csproj", "{C83519AE-14AE-4AE1-986B-61A64C8932FF}"
EndProject
Project("{9A19103F-16F7-4668-BE54-9A1E7A4F7556}") = "DishoutOLO.Service", "DishoutOLO.Service\DishoutOLO.Service.csproj", "{10E20C0D-BDC4-425B-A981-BB55B6F865EE}"
EndProject
Project("{9A19103F-16F7-4668-BE54-9A1E7A4F7556}") = "DishoutOLO.ViewModel", "DishoutOLO.ViewModel\DishoutOLO.ViewModel.csproj", "{F3EE5227-1732-4364-A964-F6C43B216E39}"
EndProject
Global
	GlobalSection(SolutionConfigurationPlatforms) = preSolution
		Debug|Any CPU = Debug|Any CPU
		Release|Any CPU = Release|Any CPU
	EndGlobalSection
	GlobalSection(ProjectConfigurationPlatforms) = postSolution
		{BB0F1502-F810-478D-B006-9E2FA1214622}.Debug|Any CPU.ActiveCfg = Debug|Any CPU
		{BB0F1502-F810-478D-B006-9E2FA1214622}.Debug|Any CPU.Build.0 = Debug|Any CPU
		{BB0F1502-F810-478D-B006-9E2FA1214622}.Release|Any CPU.ActiveCfg = Release|Any CPU
		{BB0F1502-F810-478D-B006-9E2FA1214622}.Release|Any CPU.Build.0 = Release|Any CPU
		{BD33F089-8A51-46BE-B14A-ED2918A397F0}.Debug|Any CPU.ActiveCfg = Debug|Any CPU
		{BD33F089-8A51-46BE-B14A-ED2918A397F0}.Debug|Any CPU.Build.0 = Debug|Any CPU
		{BD33F089-8A51-46BE-B14A-ED2918A397F0}.Release|Any CPU.ActiveCfg = Release|Any CPU
		{BD33F089-8A51-46BE-B14A-ED2918A397F0}.Release|Any CPU.Build.0 = Release|Any CPU
		{C83519AE-14AE-4AE1-986B-61A64C8932FF}.Debug|Any CPU.ActiveCfg = Debug|Any CPU
		{C83519AE-14AE-4AE1-986B-61A64C8932FF}.Debug|Any CPU.Build.0 = Debug|Any CPU
		{C83519AE-14AE-4AE1-986B-61A64C8932FF}.Release|Any CPU.ActiveCfg = Release|Any CPU
		{C83519AE-14AE-4AE1-986B-61A64C8932FF}.Release|Any CPU.Build.0 = Release|Any CPU
		{10E20C0D-BDC4-425B-A981-BB55B6F865EE}.Debug|Any CPU.ActiveCfg = Debug|Any CPU
		{10E20C0D-BDC4-425B-A981-BB55B6F865EE}.Debug|Any CPU.Build.0 = Debug|Any CPU
		{10E20C0D-BDC4-425B-A981-BB55B6F865EE}.Release|Any CPU.ActiveCfg = Release|Any CPU
		{10E20C0D-BDC4-425B-A981-BB55B6F865EE}.Release|Any CPU.Build.0 = Release|Any CPU
		{F3EE5227-1732-4364-A964-F6C43B216E39}.Debug|Any CPU.ActiveCfg = Debug|Any CPU
		{F3EE5227-1732-4364-A964-F6C43B216E39}.Debug|Any CPU.Build.0 = Debug|Any CPU
		{F3EE5227-1732-4364-A964-F6C43B216E39}.Release|Any CPU.ActiveCfg = Release|Any CPU
		{F3EE5227-1732-4364-A964-F6C43B216E39}.Release|Any CPU.Build.0 = Release|Any CPU
	EndGlobalSection
	GlobalSection(SolutionProperties) = preSolution
		HideSolutionNode = FALSE
	EndGlobalSection
	GlobalSection(ExtensibilityGlobals) = postSolution
		SolutionGuid = {0FC58E00-0D0A-4176-B1CC-5CC70E8F0311}
	EndGlobalSection
EndGlobal
